
Microsoft Visual Studio Solution File, Format Version 12.00
# Visual Studio 15
VisualStudioVersion = 15.0.27130.2010
MinimumVisualStudioVersion = 10.0.40219.1
Project("{FAE04EC0-301F-11D3-BF4B-00C04F79EFBC}") = "SuperBot", "SuperBot\SuperBot.csproj", "{F546113E-5774-4687-A9B7-37F2D0091A35}"
EndProject
Project("{2150E333-8FDC-42A3-9474-1A3956D46DE8}") = "Resources", "Resources", "{4FC6491C-B2FB-46B8-9B1D-6BC01D97CA24}"
EndProject
Project("{2150E333-8FDC-42A3-9474-1A3956D46DE8}") = "Business", "Business", "{425D9D16-A448-475F-B79D-F795DBDD7EE3}"
EndProject
Project("{2150E333-8FDC-42A3-9474-1A3956D46DE8}") = "References", "References", "{95EBF174-7742-444B-BBDA-EE963A4016A5}"
	ProjectSection(SolutionItems) = preProject
		references\Infosys.Lif.LegacyCommon.dll = references\Infosys.Lif.LegacyCommon.dll
		references\Infosys.Lif.LegacyIntegrator.dll = references\Infosys.Lif.LegacyIntegrator.dll
		references\Infosys.Lif.LegacyIntegratorService.dll = references\Infosys.Lif.LegacyIntegratorService.dll
		references\Infosys.Lif.MSMQ.dll = references\Infosys.Lif.MSMQ.dll
		references\Microsoft.Practices.EnterpriseLibrary.Common.dll = references\Microsoft.Practices.EnterpriseLibrary.Common.dll
		references\Microsoft.Practices.EnterpriseLibrary.Data.dll = references\Microsoft.Practices.EnterpriseLibrary.Data.dll
		references\Microsoft.Practices.EnterpriseLibrary.ExceptionHandling.dll = references\Microsoft.Practices.EnterpriseLibrary.ExceptionHandling.dll
		references\Microsoft.Practices.EnterpriseLibrary.ExceptionHandling.Logging.dll = references\Microsoft.Practices.EnterpriseLibrary.ExceptionHandling.Logging.dll
		references\Microsoft.Practices.EnterpriseLibrary.ExceptionHandling.WCF.dll = references\Microsoft.Practices.EnterpriseLibrary.ExceptionHandling.WCF.dll
		references\Microsoft.Practices.EnterpriseLibrary.Logging.Database.dll = references\Microsoft.Practices.EnterpriseLibrary.Logging.Database.dll
		references\Microsoft.Practices.EnterpriseLibrary.Logging.dll = references\Microsoft.Practices.EnterpriseLibrary.Logging.dll
		references\Microsoft.Practices.EnterpriseLibrary.Validation.dll = references\Microsoft.Practices.EnterpriseLibrary.Validation.dll
		references\Microsoft.Practices.EnterpriseLibrary.Validation.Integration.WCF.dll = references\Microsoft.Practices.EnterpriseLibrary.Validation.Integration.WCF.dll
		references\Microsoft.Practices.ServiceLocation.dll = references\Microsoft.Practices.ServiceLocation.dll
		references\Microsoft.Practices.Unity.Configuration.dll = references\Microsoft.Practices.Unity.Configuration.dll
		references\Microsoft.Practices.Unity.dll = references\Microsoft.Practices.Unity.dll
		references\Microsoft.Practices.Unity.Interception.dll = references\Microsoft.Practices.Unity.Interception.dll
		references\Newtonsoft.Json.dll = references\Newtonsoft.Json.dll
	EndProjectSection
EndProject
Project("{2150E333-8FDC-42A3-9474-1A3956D46DE8}") = "Infrastructure", "Infrastructure", "{DCD64413-B40D-498C-A078-DFD56F486123}"
EndProject
Project("{FAE04EC0-301F-11D3-BF4B-00C04F79EFBC}") = "ProcessScheduler.Framework", "ProcessScheduler.Framework\ProcessScheduler.Framework.csproj", "{6553FD63-346D-4D03-8643-F3AD04C4EB8A}"
EndProject
Project("{FAE04EC0-301F-11D3-BF4B-00C04F79EFBC}") = "ProcessScheduler", "ProcessScheduler\ProcessScheduler.csproj", "{68CF5E92-3979-4604-8848-623AD9DE4733}"
EndProject
Project("{FAE04EC0-301F-11D3-BF4B-00C04F79EFBC}") = "Common", "Common\Common.csproj", "{06B29670-2566-4B5A-9081-D44D0515348D}"
EndProject
Project("{FAE04EC0-301F-11D3-BF4B-00C04F79EFBC}") = "DataEntity", "DataEntity\DataEntity.csproj", "{D08573A7-FB3D-4F8D-9161-92996F8F9296}"
EndProject
Project("{FAE04EC0-301F-11D3-BF4B-00C04F79EFBC}") = "DataAccess", "DataAccess\DataAccess.csproj", "{0AD017C8-8FF1-475E-86EC-0580628F0411}"
EndProject
Project("{FAE04EC0-301F-11D3-BF4B-00C04F79EFBC}") = "IDataAccess", "IDataAccess\IDataAccess.csproj", "{3AEDABF6-67D7-491F-8ABC-7D536C19A17B}"
EndProject
Project("{FAE04EC0-301F-11D3-BF4B-00C04F79EFBC}") = "BusinessEntity", "BusinessEntity\BusinessEntity.csproj", "{E55FF3BC-F1BF-4DE7-BE51-F1DAB4667ABF}"
EndProject
Project("{FAE04EC0-301F-11D3-BF4B-00C04F79EFBC}") = "Processes", "Processes\Processes.csproj", "{EF868DAF-894D-42D6-BF04-D520D08807D6}"
EndProject
Project("{FAE04EC0-301F-11D3-BF4B-00C04F79EFBC}") = "Host.ProcessLoader", "ProcessLoader\Host.ProcessLoader.csproj", "{7C863065-9658-46A7-84ED-C1783EBCE9F0}"
EndProject
Project("{FAE04EC0-301F-11D3-BF4B-00C04F79EFBC}") = "BusinessComponent", "BusinessComponent\BusinessComponent.csproj", "{E5FF4E3F-6208-4B99-BBD9-8025F883B306}"
EndProject
Project("{2150E333-8FDC-42A3-9474-1A3956D46DE8}") = "Test", "Test", "{33C82F06-0F94-417D-AC43-52B224013501}"
EndProject
Project("{FAE04EC0-301F-11D3-BF4B-00C04F79EFBC}") = "GenericTester", "GenericTester\GenericTester.csproj", "{1336ACC8-ED21-48F6-838E-D1DBBADE99D0}"
EndProject
Project("{2150E333-8FDC-42A3-9474-1A3956D46DE8}") = "Services", "Services", "{6D9C8563-D5A5-4A8C-8A34-0424D931D605}"
EndProject
Project("{FAE04EC0-301F-11D3-BF4B-00C04F79EFBC}") = "SuperBot.Contracts", "ResourceHandler.Contracts\SuperBot.Contracts.csproj", "{0E4B13D4-A20C-40E1-991A-38351B765892}"
EndProject
Project("{FAE04EC0-301F-11D3-BF4B-00C04F79EFBC}") = "ServiceClientLibrary", "ServiceClientLibrary\ServiceClientLibrary.csproj", "{F7334C26-8690-4B8D-8FCA-DB9D581D6FEB}"
EndProject
Project("{FAE04EC0-301F-11D3-BF4B-00C04F79EFBC}") = "SuperBot.ConsoleApp", "SuperBot.ConsoleApp\SuperBot.ConsoleApp.csproj", "{579E41B2-CB25-4395-9BD2-8BB754B82D7A}"
EndProject
Project("{2150E333-8FDC-42A3-9474-1A3956D46DE8}") = "NuGet", "NuGet", "{DD206DEC-D5DF-4D6F-AA0E-49F2BF455FAE}"
	ProjectSection(SolutionItems) = preProject
		references\nuget\Infosys.Ainauto.Framework.Facade.1.0.2.nupkg = references\nuget\Infosys.Ainauto.Framework.Facade.1.0.2.nupkg
		references\nuget\Infosys.Ainauto.Framework.Facade.1.0.3.nupkg = references\nuget\Infosys.Ainauto.Framework.Facade.1.0.3.nupkg
	EndProjectSection
EndProject
Project("{FAE04EC0-301F-11D3-BF4B-00C04F79EFBC}") = "EnvironmentScan.ConsoleApp", "EnvironmentScan.ConsoleApp\EnvironmentScan.ConsoleApp.csproj", "{F719F088-6F96-479E-9425-36F14AD9A94E}"
EndProject
Global
	GlobalSection(SolutionConfigurationPlatforms) = preSolution
		Debug|Any CPU = Debug|Any CPU
		Debug|x64 = Debug|x64
		dev|Any CPU = dev|Any CPU
		dev|x64 = dev|x64
		prod|Any CPU = prod|Any CPU
		prod|x64 = prod|x64
		qa|Any CPU = qa|Any CPU
		qa|x64 = qa|x64
		Release|Any CPU = Release|Any CPU
		Release|x64 = Release|x64
	EndGlobalSection
	GlobalSection(ProjectConfigurationPlatforms) = postSolution
		{F546113E-5774-4687-A9B7-37F2D0091A35}.Debug|Any CPU.ActiveCfg = Debug|Any CPU
		{F546113E-5774-4687-A9B7-37F2D0091A35}.Debug|Any CPU.Build.0 = Debug|Any CPU
		{F546113E-5774-4687-A9B7-37F2D0091A35}.Debug|x64.ActiveCfg = Debug|Any CPU
		{F546113E-5774-4687-A9B7-37F2D0091A35}.Debug|x64.Build.0 = Debug|Any CPU
		{F546113E-5774-4687-A9B7-37F2D0091A35}.dev|Any CPU.ActiveCfg = Debug|Any CPU
		{F546113E-5774-4687-A9B7-37F2D0091A35}.dev|Any CPU.Build.0 = Debug|Any CPU
		{F546113E-5774-4687-A9B7-37F2D0091A35}.dev|x64.ActiveCfg = Debug|Any CPU
		{F546113E-5774-4687-A9B7-37F2D0091A35}.dev|x64.Build.0 = Debug|Any CPU
		{F546113E-5774-4687-A9B7-37F2D0091A35}.prod|Any CPU.ActiveCfg = Release|Any CPU
		{F546113E-5774-4687-A9B7-37F2D0091A35}.prod|Any CPU.Build.0 = Release|Any CPU
		{F546113E-5774-4687-A9B7-37F2D0091A35}.prod|x64.ActiveCfg = Release|Any CPU
		{F546113E-5774-4687-A9B7-37F2D0091A35}.prod|x64.Build.0 = Release|Any CPU
		{F546113E-5774-4687-A9B7-37F2D0091A35}.qa|Any CPU.ActiveCfg = Release|Any CPU
		{F546113E-5774-4687-A9B7-37F2D0091A35}.qa|Any CPU.Build.0 = Release|Any CPU
		{F546113E-5774-4687-A9B7-37F2D0091A35}.qa|x64.ActiveCfg = Release|Any CPU
		{F546113E-5774-4687-A9B7-37F2D0091A35}.qa|x64.Build.0 = Release|Any CPU
		{F546113E-5774-4687-A9B7-37F2D0091A35}.Release|Any CPU.ActiveCfg = Release|Any CPU
		{F546113E-5774-4687-A9B7-37F2D0091A35}.Release|Any CPU.Build.0 = Release|Any CPU
		{F546113E-5774-4687-A9B7-37F2D0091A35}.Release|x64.ActiveCfg = Release|Any CPU
		{F546113E-5774-4687-A9B7-37F2D0091A35}.Release|x64.Build.0 = Release|Any CPU
		{6553FD63-346D-4D03-8643-F3AD04C4EB8A}.Debug|Any CPU.ActiveCfg = Debug|Any CPU
		{6553FD63-346D-4D03-8643-F3AD04C4EB8A}.Debug|Any CPU.Build.0 = Debug|Any CPU
		{6553FD63-346D-4D03-8643-F3AD04C4EB8A}.Debug|x64.ActiveCfg = Debug|x64
		{6553FD63-346D-4D03-8643-F3AD04C4EB8A}.Debug|x64.Build.0 = Debug|x64
		{6553FD63-346D-4D03-8643-F3AD04C4EB8A}.dev|Any CPU.ActiveCfg = dev|Any CPU
		{6553FD63-346D-4D03-8643-F3AD04C4EB8A}.dev|Any CPU.Build.0 = dev|Any CPU
		{6553FD63-346D-4D03-8643-F3AD04C4EB8A}.dev|x64.ActiveCfg = dev|x64
		{6553FD63-346D-4D03-8643-F3AD04C4EB8A}.dev|x64.Build.0 = dev|x64
		{6553FD63-346D-4D03-8643-F3AD04C4EB8A}.prod|Any CPU.ActiveCfg = prod|Any CPU
		{6553FD63-346D-4D03-8643-F3AD04C4EB8A}.prod|Any CPU.Build.0 = prod|Any CPU
		{6553FD63-346D-4D03-8643-F3AD04C4EB8A}.prod|x64.ActiveCfg = prod|x64
		{6553FD63-346D-4D03-8643-F3AD04C4EB8A}.prod|x64.Build.0 = prod|x64
		{6553FD63-346D-4D03-8643-F3AD04C4EB8A}.qa|Any CPU.ActiveCfg = qa|Any CPU
		{6553FD63-346D-4D03-8643-F3AD04C4EB8A}.qa|Any CPU.Build.0 = qa|Any CPU
		{6553FD63-346D-4D03-8643-F3AD04C4EB8A}.qa|x64.ActiveCfg = qa|x64
		{6553FD63-346D-4D03-8643-F3AD04C4EB8A}.qa|x64.Build.0 = qa|x64
		{6553FD63-346D-4D03-8643-F3AD04C4EB8A}.Release|Any CPU.ActiveCfg = Release|Any CPU
		{6553FD63-346D-4D03-8643-F3AD04C4EB8A}.Release|Any CPU.Build.0 = Release|Any CPU
		{6553FD63-346D-4D03-8643-F3AD04C4EB8A}.Release|x64.ActiveCfg = Release|x64
		{6553FD63-346D-4D03-8643-F3AD04C4EB8A}.Release|x64.Build.0 = Release|x64
		{68CF5E92-3979-4604-8848-623AD9DE4733}.Debug|Any CPU.ActiveCfg = Debug|Any CPU
		{68CF5E92-3979-4604-8848-623AD9DE4733}.Debug|Any CPU.Build.0 = Debug|Any CPU
		{68CF5E92-3979-4604-8848-623AD9DE4733}.Debug|x64.ActiveCfg = Debug|x64
		{68CF5E92-3979-4604-8848-623AD9DE4733}.Debug|x64.Build.0 = Debug|x64
		{68CF5E92-3979-4604-8848-623AD9DE4733}.dev|Any CPU.ActiveCfg = dev|Any CPU
		{68CF5E92-3979-4604-8848-623AD9DE4733}.dev|Any CPU.Build.0 = dev|Any CPU
		{68CF5E92-3979-4604-8848-623AD9DE4733}.dev|x64.ActiveCfg = dev|x64
		{68CF5E92-3979-4604-8848-623AD9DE4733}.dev|x64.Build.0 = dev|x64
		{68CF5E92-3979-4604-8848-623AD9DE4733}.prod|Any CPU.ActiveCfg = prod|Any CPU
		{68CF5E92-3979-4604-8848-623AD9DE4733}.prod|Any CPU.Build.0 = prod|Any CPU
		{68CF5E92-3979-4604-8848-623AD9DE4733}.prod|x64.ActiveCfg = prod|x64
		{68CF5E92-3979-4604-8848-623AD9DE4733}.prod|x64.Build.0 = prod|x64
		{68CF5E92-3979-4604-8848-623AD9DE4733}.qa|Any CPU.ActiveCfg = qa|Any CPU
		{68CF5E92-3979-4604-8848-623AD9DE4733}.qa|Any CPU.Build.0 = qa|Any CPU
		{68CF5E92-3979-4604-8848-623AD9DE4733}.qa|x64.ActiveCfg = qa|x64
		{68CF5E92-3979-4604-8848-623AD9DE4733}.qa|x64.Build.0 = qa|x64
		{68CF5E92-3979-4604-8848-623AD9DE4733}.Release|Any CPU.ActiveCfg = Release|Any CPU
		{68CF5E92-3979-4604-8848-623AD9DE4733}.Release|Any CPU.Build.0 = Release|Any CPU
		{68CF5E92-3979-4604-8848-623AD9DE4733}.Release|x64.ActiveCfg = Release|x64
		{68CF5E92-3979-4604-8848-623AD9DE4733}.Release|x64.Build.0 = Release|x64
		{06B29670-2566-4B5A-9081-D44D0515348D}.Debug|Any CPU.ActiveCfg = Debug|Any CPU
		{06B29670-2566-4B5A-9081-D44D0515348D}.Debug|Any CPU.Build.0 = Debug|Any CPU
		{06B29670-2566-4B5A-9081-D44D0515348D}.Debug|x64.ActiveCfg = Debug|Any CPU
		{06B29670-2566-4B5A-9081-D44D0515348D}.Debug|x64.Build.0 = Debug|Any CPU
		{06B29670-2566-4B5A-9081-D44D0515348D}.dev|Any CPU.ActiveCfg = Debug|Any CPU
		{06B29670-2566-4B5A-9081-D44D0515348D}.dev|Any CPU.Build.0 = Debug|Any CPU
		{06B29670-2566-4B5A-9081-D44D0515348D}.dev|x64.ActiveCfg = Debug|Any CPU
		{06B29670-2566-4B5A-9081-D44D0515348D}.dev|x64.Build.0 = Debug|Any CPU
		{06B29670-2566-4B5A-9081-D44D0515348D}.prod|Any CPU.ActiveCfg = Release|Any CPU
		{06B29670-2566-4B5A-9081-D44D0515348D}.prod|Any CPU.Build.0 = Release|Any CPU
		{06B29670-2566-4B5A-9081-D44D0515348D}.prod|x64.ActiveCfg = Release|Any CPU
		{06B29670-2566-4B5A-9081-D44D0515348D}.prod|x64.Build.0 = Release|Any CPU
		{06B29670-2566-4B5A-9081-D44D0515348D}.qa|Any CPU.ActiveCfg = Release|Any CPU
		{06B29670-2566-4B5A-9081-D44D0515348D}.qa|Any CPU.Build.0 = Release|Any CPU
		{06B29670-2566-4B5A-9081-D44D0515348D}.qa|x64.ActiveCfg = Release|Any CPU
		{06B29670-2566-4B5A-9081-D44D0515348D}.qa|x64.Build.0 = Release|Any CPU
		{06B29670-2566-4B5A-9081-D44D0515348D}.Release|Any CPU.ActiveCfg = Release|Any CPU
		{06B29670-2566-4B5A-9081-D44D0515348D}.Release|Any CPU.Build.0 = Release|Any CPU
		{06B29670-2566-4B5A-9081-D44D0515348D}.Release|x64.ActiveCfg = Release|Any CPU
		{06B29670-2566-4B5A-9081-D44D0515348D}.Release|x64.Build.0 = Release|Any CPU
		{D08573A7-FB3D-4F8D-9161-92996F8F9296}.Debug|Any CPU.ActiveCfg = Debug|Any CPU
		{D08573A7-FB3D-4F8D-9161-92996F8F9296}.Debug|Any CPU.Build.0 = Debug|Any CPU
		{D08573A7-FB3D-4F8D-9161-92996F8F9296}.Debug|x64.ActiveCfg = Debug|Any CPU
		{D08573A7-FB3D-4F8D-9161-92996F8F9296}.Debug|x64.Build.0 = Debug|Any CPU
		{D08573A7-FB3D-4F8D-9161-92996F8F9296}.dev|Any CPU.ActiveCfg = Debug|Any CPU
		{D08573A7-FB3D-4F8D-9161-92996F8F9296}.dev|Any CPU.Build.0 = Debug|Any CPU
		{D08573A7-FB3D-4F8D-9161-92996F8F9296}.dev|x64.ActiveCfg = Debug|Any CPU
		{D08573A7-FB3D-4F8D-9161-92996F8F9296}.dev|x64.Build.0 = Debug|Any CPU
		{D08573A7-FB3D-4F8D-9161-92996F8F9296}.prod|Any CPU.ActiveCfg = Release|Any CPU
		{D08573A7-FB3D-4F8D-9161-92996F8F9296}.prod|Any CPU.Build.0 = Release|Any CPU
		{D08573A7-FB3D-4F8D-9161-92996F8F9296}.prod|x64.ActiveCfg = Release|Any CPU
		{D08573A7-FB3D-4F8D-9161-92996F8F9296}.prod|x64.Build.0 = Release|Any CPU
		{D08573A7-FB3D-4F8D-9161-92996F8F9296}.qa|Any CPU.ActiveCfg = Release|Any CPU
		{D08573A7-FB3D-4F8D-9161-92996F8F9296}.qa|Any CPU.Build.0 = Release|Any CPU
		{D08573A7-FB3D-4F8D-9161-92996F8F9296}.qa|x64.ActiveCfg = Release|Any CPU
		{D08573A7-FB3D-4F8D-9161-92996F8F9296}.qa|x64.Build.0 = Release|Any CPU
		{D08573A7-FB3D-4F8D-9161-92996F8F9296}.Release|Any CPU.ActiveCfg = Release|Any CPU
		{D08573A7-FB3D-4F8D-9161-92996F8F9296}.Release|Any CPU.Build.0 = Release|Any CPU
		{D08573A7-FB3D-4F8D-9161-92996F8F9296}.Release|x64.ActiveCfg = Release|Any CPU
		{D08573A7-FB3D-4F8D-9161-92996F8F9296}.Release|x64.Build.0 = Release|Any CPU
		{0AD017C8-8FF1-475E-86EC-0580628F0411}.Debug|Any CPU.ActiveCfg = Debug|Any CPU
		{0AD017C8-8FF1-475E-86EC-0580628F0411}.Debug|Any CPU.Build.0 = Debug|Any CPU
		{0AD017C8-8FF1-475E-86EC-0580628F0411}.Debug|x64.ActiveCfg = Debug|Any CPU
		{0AD017C8-8FF1-475E-86EC-0580628F0411}.Debug|x64.Build.0 = Debug|Any CPU
		{0AD017C8-8FF1-475E-86EC-0580628F0411}.dev|Any CPU.ActiveCfg = Debug|Any CPU
		{0AD017C8-8FF1-475E-86EC-0580628F0411}.dev|Any CPU.Build.0 = Debug|Any CPU
		{0AD017C8-8FF1-475E-86EC-0580628F0411}.dev|x64.ActiveCfg = Debug|Any CPU
		{0AD017C8-8FF1-475E-86EC-0580628F0411}.dev|x64.Build.0 = Debug|Any CPU
		{0AD017C8-8FF1-475E-86EC-0580628F0411}.prod|Any CPU.ActiveCfg = Release|Any CPU
		{0AD017C8-8FF1-475E-86EC-0580628F0411}.prod|Any CPU.Build.0 = Release|Any CPU
		{0AD017C8-8FF1-475E-86EC-0580628F0411}.prod|x64.ActiveCfg = Release|Any CPU
		{0AD017C8-8FF1-475E-86EC-0580628F0411}.prod|x64.Build.0 = Release|Any CPU
		{0AD017C8-8FF1-475E-86EC-0580628F0411}.qa|Any CPU.ActiveCfg = Release|Any CPU
		{0AD017C8-8FF1-475E-86EC-0580628F0411}.qa|Any CPU.Build.0 = Release|Any CPU
		{0AD017C8-8FF1-475E-86EC-0580628F0411}.qa|x64.ActiveCfg = Release|Any CPU
		{0AD017C8-8FF1-475E-86EC-0580628F0411}.qa|x64.Build.0 = Release|Any CPU
		{0AD017C8-8FF1-475E-86EC-0580628F0411}.Release|Any CPU.ActiveCfg = Release|Any CPU
		{0AD017C8-8FF1-475E-86EC-0580628F0411}.Release|Any CPU.Build.0 = Release|Any CPU
		{0AD017C8-8FF1-475E-86EC-0580628F0411}.Release|x64.ActiveCfg = Release|Any CPU
		{0AD017C8-8FF1-475E-86EC-0580628F0411}.Release|x64.Build.0 = Release|Any CPU
		{3AEDABF6-67D7-491F-8ABC-7D536C19A17B}.Debug|Any CPU.ActiveCfg = Debug|Any CPU
		{3AEDABF6-67D7-491F-8ABC-7D536C19A17B}.Debug|Any CPU.Build.0 = Debug|Any CPU
		{3AEDABF6-67D7-491F-8ABC-7D536C19A17B}.Debug|x64.ActiveCfg = Debug|Any CPU
		{3AEDABF6-67D7-491F-8ABC-7D536C19A17B}.Debug|x64.Build.0 = Debug|Any CPU
		{3AEDABF6-67D7-491F-8ABC-7D536C19A17B}.dev|Any CPU.ActiveCfg = Debug|Any CPU
		{3AEDABF6-67D7-491F-8ABC-7D536C19A17B}.dev|Any CPU.Build.0 = Debug|Any CPU
		{3AEDABF6-67D7-491F-8ABC-7D536C19A17B}.dev|x64.ActiveCfg = Debug|Any CPU
		{3AEDABF6-67D7-491F-8ABC-7D536C19A17B}.dev|x64.Build.0 = Debug|Any CPU
		{3AEDABF6-67D7-491F-8ABC-7D536C19A17B}.prod|Any CPU.ActiveCfg = Release|Any CPU
		{3AEDABF6-67D7-491F-8ABC-7D536C19A17B}.prod|Any CPU.Build.0 = Release|Any CPU
		{3AEDABF6-67D7-491F-8ABC-7D536C19A17B}.prod|x64.ActiveCfg = Release|Any CPU
		{3AEDABF6-67D7-491F-8ABC-7D536C19A17B}.prod|x64.Build.0 = Release|Any CPU
		{3AEDABF6-67D7-491F-8ABC-7D536C19A17B}.qa|Any CPU.ActiveCfg = Release|Any CPU
		{3AEDABF6-67D7-491F-8ABC-7D536C19A17B}.qa|Any CPU.Build.0 = Release|Any CPU
		{3AEDABF6-67D7-491F-8ABC-7D536C19A17B}.qa|x64.ActiveCfg = Release|Any CPU
		{3AEDABF6-67D7-491F-8ABC-7D536C19A17B}.qa|x64.Build.0 = Release|Any CPU
		{3AEDABF6-67D7-491F-8ABC-7D536C19A17B}.Release|Any CPU.ActiveCfg = Release|Any CPU
		{3AEDABF6-67D7-491F-8ABC-7D536C19A17B}.Release|Any CPU.Build.0 = Release|Any CPU
		{3AEDABF6-67D7-491F-8ABC-7D536C19A17B}.Release|x64.ActiveCfg = Release|Any CPU
		{3AEDABF6-67D7-491F-8ABC-7D536C19A17B}.Release|x64.Build.0 = Release|Any CPU
		{E55FF3BC-F1BF-4DE7-BE51-F1DAB4667ABF}.Debug|Any CPU.ActiveCfg = Debug|Any CPU
		{E55FF3BC-F1BF-4DE7-BE51-F1DAB4667ABF}.Debug|Any CPU.Build.0 = Debug|Any CPU
		{E55FF3BC-F1BF-4DE7-BE51-F1DAB4667ABF}.Debug|x64.ActiveCfg = Debug|Any CPU
		{E55FF3BC-F1BF-4DE7-BE51-F1DAB4667ABF}.Debug|x64.Build.0 = Debug|Any CPU
		{E55FF3BC-F1BF-4DE7-BE51-F1DAB4667ABF}.dev|Any CPU.ActiveCfg = Debug|Any CPU
		{E55FF3BC-F1BF-4DE7-BE51-F1DAB4667ABF}.dev|Any CPU.Build.0 = Debug|Any CPU
		{E55FF3BC-F1BF-4DE7-BE51-F1DAB4667ABF}.dev|x64.ActiveCfg = Debug|Any CPU
		{E55FF3BC-F1BF-4DE7-BE51-F1DAB4667ABF}.dev|x64.Build.0 = Debug|Any CPU
		{E55FF3BC-F1BF-4DE7-BE51-F1DAB4667ABF}.prod|Any CPU.ActiveCfg = Release|Any CPU
		{E55FF3BC-F1BF-4DE7-BE51-F1DAB4667ABF}.prod|Any CPU.Build.0 = Release|Any CPU
		{E55FF3BC-F1BF-4DE7-BE51-F1DAB4667ABF}.prod|x64.ActiveCfg = Release|Any CPU
		{E55FF3BC-F1BF-4DE7-BE51-F1DAB4667ABF}.prod|x64.Build.0 = Release|Any CPU
		{E55FF3BC-F1BF-4DE7-BE51-F1DAB4667ABF}.qa|Any CPU.ActiveCfg = Release|Any CPU
		{E55FF3BC-F1BF-4DE7-BE51-F1DAB4667ABF}.qa|Any CPU.Build.0 = Release|Any CPU
		{E55FF3BC-F1BF-4DE7-BE51-F1DAB4667ABF}.qa|x64.ActiveCfg = Release|Any CPU
		{E55FF3BC-F1BF-4DE7-BE51-F1DAB4667ABF}.qa|x64.Build.0 = Release|Any CPU
		{E55FF3BC-F1BF-4DE7-BE51-F1DAB4667ABF}.Release|Any CPU.ActiveCfg = Release|Any CPU
		{E55FF3BC-F1BF-4DE7-BE51-F1DAB4667ABF}.Release|Any CPU.Build.0 = Release|Any CPU
		{E55FF3BC-F1BF-4DE7-BE51-F1DAB4667ABF}.Release|x64.ActiveCfg = Release|Any CPU
		{E55FF3BC-F1BF-4DE7-BE51-F1DAB4667ABF}.Release|x64.Build.0 = Release|Any CPU
		{EF868DAF-894D-42D6-BF04-D520D08807D6}.Debug|Any CPU.ActiveCfg = Debug|Any CPU
		{EF868DAF-894D-42D6-BF04-D520D08807D6}.Debug|Any CPU.Build.0 = Debug|Any CPU
		{EF868DAF-894D-42D6-BF04-D520D08807D6}.Debug|x64.ActiveCfg = Debug|Any CPU
		{EF868DAF-894D-42D6-BF04-D520D08807D6}.Debug|x64.Build.0 = Debug|Any CPU
		{EF868DAF-894D-42D6-BF04-D520D08807D6}.dev|Any CPU.ActiveCfg = Debug|Any CPU
		{EF868DAF-894D-42D6-BF04-D520D08807D6}.dev|Any CPU.Build.0 = Debug|Any CPU
		{EF868DAF-894D-42D6-BF04-D520D08807D6}.dev|x64.ActiveCfg = Debug|Any CPU
		{EF868DAF-894D-42D6-BF04-D520D08807D6}.dev|x64.Build.0 = Debug|Any CPU
		{EF868DAF-894D-42D6-BF04-D520D08807D6}.prod|Any CPU.ActiveCfg = Release|Any CPU
		{EF868DAF-894D-42D6-BF04-D520D08807D6}.prod|Any CPU.Build.0 = Release|Any CPU
		{EF868DAF-894D-42D6-BF04-D520D08807D6}.prod|x64.ActiveCfg = Release|Any CPU
		{EF868DAF-894D-42D6-BF04-D520D08807D6}.prod|x64.Build.0 = Release|Any CPU
		{EF868DAF-894D-42D6-BF04-D520D08807D6}.qa|Any CPU.ActiveCfg = Release|Any CPU
		{EF868DAF-894D-42D6-BF04-D520D08807D6}.qa|Any CPU.Build.0 = Release|Any CPU
		{EF868DAF-894D-42D6-BF04-D520D08807D6}.qa|x64.ActiveCfg = Release|Any CPU
		{EF868DAF-894D-42D6-BF04-D520D08807D6}.qa|x64.Build.0 = Release|Any CPU
		{EF868DAF-894D-42D6-BF04-D520D08807D6}.Release|Any CPU.ActiveCfg = Release|Any CPU
		{EF868DAF-894D-42D6-BF04-D520D08807D6}.Release|Any CPU.Build.0 = Release|Any CPU
		{EF868DAF-894D-42D6-BF04-D520D08807D6}.Release|x64.ActiveCfg = Release|Any CPU
		{EF868DAF-894D-42D6-BF04-D520D08807D6}.Release|x64.Build.0 = Release|Any CPU
		{7C863065-9658-46A7-84ED-C1783EBCE9F0}.Debug|Any CPU.ActiveCfg = Debug|Any CPU
		{7C863065-9658-46A7-84ED-C1783EBCE9F0}.Debug|Any CPU.Build.0 = Debug|Any CPU
		{7C863065-9658-46A7-84ED-C1783EBCE9F0}.Debug|x64.ActiveCfg = Debug|Any CPU
		{7C863065-9658-46A7-84ED-C1783EBCE9F0}.Debug|x64.Build.0 = Debug|Any CPU
		{7C863065-9658-46A7-84ED-C1783EBCE9F0}.dev|Any CPU.ActiveCfg = Debug|Any CPU
		{7C863065-9658-46A7-84ED-C1783EBCE9F0}.dev|Any CPU.Build.0 = Debug|Any CPU
		{7C863065-9658-46A7-84ED-C1783EBCE9F0}.dev|x64.ActiveCfg = Debug|Any CPU
		{7C863065-9658-46A7-84ED-C1783EBCE9F0}.dev|x64.Build.0 = Debug|Any CPU
		{7C863065-9658-46A7-84ED-C1783EBCE9F0}.prod|Any CPU.ActiveCfg = Release|Any CPU
		{7C863065-9658-46A7-84ED-C1783EBCE9F0}.prod|Any CPU.Build.0 = Release|Any CPU
		{7C863065-9658-46A7-84ED-C1783EBCE9F0}.prod|x64.ActiveCfg = Release|Any CPU
		{7C863065-9658-46A7-84ED-C1783EBCE9F0}.prod|x64.Build.0 = Release|Any CPU
		{7C863065-9658-46A7-84ED-C1783EBCE9F0}.qa|Any CPU.ActiveCfg = Release|Any CPU
		{7C863065-9658-46A7-84ED-C1783EBCE9F0}.qa|Any CPU.Build.0 = Release|Any CPU
		{7C863065-9658-46A7-84ED-C1783EBCE9F0}.qa|x64.ActiveCfg = Release|Any CPU
		{7C863065-9658-46A7-84ED-C1783EBCE9F0}.qa|x64.Build.0 = Release|Any CPU
		{7C863065-9658-46A7-84ED-C1783EBCE9F0}.Release|Any CPU.ActiveCfg = Release|Any CPU
		{7C863065-9658-46A7-84ED-C1783EBCE9F0}.Release|Any CPU.Build.0 = Release|Any CPU
		{7C863065-9658-46A7-84ED-C1783EBCE9F0}.Release|x64.ActiveCfg = Release|Any CPU
		{7C863065-9658-46A7-84ED-C1783EBCE9F0}.Release|x64.Build.0 = Release|Any CPU
		{E5FF4E3F-6208-4B99-BBD9-8025F883B306}.Debug|Any CPU.ActiveCfg = Debug|Any CPU
		{E5FF4E3F-6208-4B99-BBD9-8025F883B306}.Debug|Any CPU.Build.0 = Debug|Any CPU
		{E5FF4E3F-6208-4B99-BBD9-8025F883B306}.Debug|x64.ActiveCfg = Debug|Any CPU
		{E5FF4E3F-6208-4B99-BBD9-8025F883B306}.Debug|x64.Build.0 = Debug|Any CPU
		{E5FF4E3F-6208-4B99-BBD9-8025F883B306}.dev|Any CPU.ActiveCfg = Debug|Any CPU
		{E5FF4E3F-6208-4B99-BBD9-8025F883B306}.dev|Any CPU.Build.0 = Debug|Any CPU
		{E5FF4E3F-6208-4B99-BBD9-8025F883B306}.dev|x64.ActiveCfg = Debug|Any CPU
		{E5FF4E3F-6208-4B99-BBD9-8025F883B306}.dev|x64.Build.0 = Debug|Any CPU
		{E5FF4E3F-6208-4B99-BBD9-8025F883B306}.prod|Any CPU.ActiveCfg = Release|Any CPU
		{E5FF4E3F-6208-4B99-BBD9-8025F883B306}.prod|Any CPU.Build.0 = Release|Any CPU
		{E5FF4E3F-6208-4B99-BBD9-8025F883B306}.prod|x64.ActiveCfg = Release|Any CPU
		{E5FF4E3F-6208-4B99-BBD9-8025F883B306}.prod|x64.Build.0 = Release|Any CPU
		{E5FF4E3F-6208-4B99-BBD9-8025F883B306}.qa|Any CPU.ActiveCfg = Release|Any CPU
		{E5FF4E3F-6208-4B99-BBD9-8025F883B306}.qa|Any CPU.Build.0 = Release|Any CPU
		{E5FF4E3F-6208-4B99-BBD9-8025F883B306}.qa|x64.ActiveCfg = Release|Any CPU
		{E5FF4E3F-6208-4B99-BBD9-8025F883B306}.qa|x64.Build.0 = Release|Any CPU
		{E5FF4E3F-6208-4B99-BBD9-8025F883B306}.Release|Any CPU.ActiveCfg = Release|Any CPU
		{E5FF4E3F-6208-4B99-BBD9-8025F883B306}.Release|Any CPU.Build.0 = Release|Any CPU
		{E5FF4E3F-6208-4B99-BBD9-8025F883B306}.Release|x64.ActiveCfg = Release|Any CPU
		{E5FF4E3F-6208-4B99-BBD9-8025F883B306}.Release|x64.Build.0 = Release|Any CPU
		{1336ACC8-ED21-48F6-838E-D1DBBADE99D0}.Debug|Any CPU.ActiveCfg = Debug|Any CPU
		{1336ACC8-ED21-48F6-838E-D1DBBADE99D0}.Debug|Any CPU.Build.0 = Debug|Any CPU
		{1336ACC8-ED21-48F6-838E-D1DBBADE99D0}.Debug|x64.ActiveCfg = Debug|Any CPU
		{1336ACC8-ED21-48F6-838E-D1DBBADE99D0}.Debug|x64.Build.0 = Debug|Any CPU
		{1336ACC8-ED21-48F6-838E-D1DBBADE99D0}.dev|Any CPU.ActiveCfg = Debug|Any CPU
		{1336ACC8-ED21-48F6-838E-D1DBBADE99D0}.dev|Any CPU.Build.0 = Debug|Any CPU
		{1336ACC8-ED21-48F6-838E-D1DBBADE99D0}.dev|x64.ActiveCfg = Debug|Any CPU
		{1336ACC8-ED21-48F6-838E-D1DBBADE99D0}.dev|x64.Build.0 = Debug|Any CPU
		{1336ACC8-ED21-48F6-838E-D1DBBADE99D0}.prod|Any CPU.ActiveCfg = Release|Any CPU
		{1336ACC8-ED21-48F6-838E-D1DBBADE99D0}.prod|Any CPU.Build.0 = Release|Any CPU
		{1336ACC8-ED21-48F6-838E-D1DBBADE99D0}.prod|x64.ActiveCfg = Release|Any CPU
		{1336ACC8-ED21-48F6-838E-D1DBBADE99D0}.prod|x64.Build.0 = Release|Any CPU
		{1336ACC8-ED21-48F6-838E-D1DBBADE99D0}.qa|Any CPU.ActiveCfg = Release|Any CPU
		{1336ACC8-ED21-48F6-838E-D1DBBADE99D0}.qa|Any CPU.Build.0 = Release|Any CPU
		{1336ACC8-ED21-48F6-838E-D1DBBADE99D0}.qa|x64.ActiveCfg = Release|Any CPU
		{1336ACC8-ED21-48F6-838E-D1DBBADE99D0}.qa|x64.Build.0 = Release|Any CPU
		{1336ACC8-ED21-48F6-838E-D1DBBADE99D0}.Release|Any CPU.ActiveCfg = Release|Any CPU
		{1336ACC8-ED21-48F6-838E-D1DBBADE99D0}.Release|Any CPU.Build.0 = Release|Any CPU
		{1336ACC8-ED21-48F6-838E-D1DBBADE99D0}.Release|x64.ActiveCfg = Release|Any CPU
		{1336ACC8-ED21-48F6-838E-D1DBBADE99D0}.Release|x64.Build.0 = Release|Any CPU
		{0E4B13D4-A20C-40E1-991A-38351B765892}.Debug|Any CPU.ActiveCfg = Debug|Any CPU
		{0E4B13D4-A20C-40E1-991A-38351B765892}.Debug|Any CPU.Build.0 = Debug|Any CPU
		{0E4B13D4-A20C-40E1-991A-38351B765892}.Debug|x64.ActiveCfg = Debug|Any CPU
		{0E4B13D4-A20C-40E1-991A-38351B765892}.Debug|x64.Build.0 = Debug|Any CPU
		{0E4B13D4-A20C-40E1-991A-38351B765892}.dev|Any CPU.ActiveCfg = Debug|Any CPU
		{0E4B13D4-A20C-40E1-991A-38351B765892}.dev|Any CPU.Build.0 = Debug|Any CPU
		{0E4B13D4-A20C-40E1-991A-38351B765892}.dev|x64.ActiveCfg = Debug|Any CPU
		{0E4B13D4-A20C-40E1-991A-38351B765892}.dev|x64.Build.0 = Debug|Any CPU
		{0E4B13D4-A20C-40E1-991A-38351B765892}.prod|Any CPU.ActiveCfg = Release|Any CPU
		{0E4B13D4-A20C-40E1-991A-38351B765892}.prod|Any CPU.Build.0 = Release|Any CPU
		{0E4B13D4-A20C-40E1-991A-38351B765892}.prod|x64.ActiveCfg = Release|Any CPU
		{0E4B13D4-A20C-40E1-991A-38351B765892}.prod|x64.Build.0 = Release|Any CPU
		{0E4B13D4-A20C-40E1-991A-38351B765892}.qa|Any CPU.ActiveCfg = Release|Any CPU
		{0E4B13D4-A20C-40E1-991A-38351B765892}.qa|Any CPU.Build.0 = Release|Any CPU
		{0E4B13D4-A20C-40E1-991A-38351B765892}.qa|x64.ActiveCfg = Release|Any CPU
		{0E4B13D4-A20C-40E1-991A-38351B765892}.qa|x64.Build.0 = Release|Any CPU
		{0E4B13D4-A20C-40E1-991A-38351B765892}.Release|Any CPU.ActiveCfg = Release|Any CPU
		{0E4B13D4-A20C-40E1-991A-38351B765892}.Release|Any CPU.Build.0 = Release|Any CPU
		{0E4B13D4-A20C-40E1-991A-38351B765892}.Release|x64.ActiveCfg = Release|Any CPU
		{0E4B13D4-A20C-40E1-991A-38351B765892}.Release|x64.Build.0 = Release|Any CPU
		{F7334C26-8690-4B8D-8FCA-DB9D581D6FEB}.Debug|Any CPU.ActiveCfg = Debug|Any CPU
		{F7334C26-8690-4B8D-8FCA-DB9D581D6FEB}.Debug|Any CPU.Build.0 = Debug|Any CPU
		{F7334C26-8690-4B8D-8FCA-DB9D581D6FEB}.Debug|x64.ActiveCfg = Debug|Any CPU
		{F7334C26-8690-4B8D-8FCA-DB9D581D6FEB}.Debug|x64.Build.0 = Debug|Any CPU
		{F7334C26-8690-4B8D-8FCA-DB9D581D6FEB}.dev|Any CPU.ActiveCfg = Debug|Any CPU
		{F7334C26-8690-4B8D-8FCA-DB9D581D6FEB}.dev|Any CPU.Build.0 = Debug|Any CPU
		{F7334C26-8690-4B8D-8FCA-DB9D581D6FEB}.dev|x64.ActiveCfg = Debug|Any CPU
		{F7334C26-8690-4B8D-8FCA-DB9D581D6FEB}.dev|x64.Build.0 = Debug|Any CPU
		{F7334C26-8690-4B8D-8FCA-DB9D581D6FEB}.prod|Any CPU.ActiveCfg = Release|Any CPU
		{F7334C26-8690-4B8D-8FCA-DB9D581D6FEB}.prod|Any CPU.Build.0 = Release|Any CPU
		{F7334C26-8690-4B8D-8FCA-DB9D581D6FEB}.prod|x64.ActiveCfg = Release|Any CPU
		{F7334C26-8690-4B8D-8FCA-DB9D581D6FEB}.prod|x64.Build.0 = Release|Any CPU
		{F7334C26-8690-4B8D-8FCA-DB9D581D6FEB}.qa|Any CPU.ActiveCfg = Release|Any CPU
		{F7334C26-8690-4B8D-8FCA-DB9D581D6FEB}.qa|Any CPU.Build.0 = Release|Any CPU
		{F7334C26-8690-4B8D-8FCA-DB9D581D6FEB}.qa|x64.ActiveCfg = Release|Any CPU
		{F7334C26-8690-4B8D-8FCA-DB9D581D6FEB}.qa|x64.Build.0 = Release|Any CPU
		{F7334C26-8690-4B8D-8FCA-DB9D581D6FEB}.Release|Any CPU.ActiveCfg = Release|Any CPU
		{F7334C26-8690-4B8D-8FCA-DB9D581D6FEB}.Release|Any CPU.Build.0 = Release|Any CPU
		{F7334C26-8690-4B8D-8FCA-DB9D581D6FEB}.Release|x64.ActiveCfg = Release|Any CPU
		{F7334C26-8690-4B8D-8FCA-DB9D581D6FEB}.Release|x64.Build.0 = Release|Any CPU
		{579E41B2-CB25-4395-9BD2-8BB754B82D7A}.Debug|Any CPU.ActiveCfg = Debug|Any CPU
		{579E41B2-CB25-4395-9BD2-8BB754B82D7A}.Debug|Any CPU.Build.0 = Debug|Any CPU
		{579E41B2-CB25-4395-9BD2-8BB754B82D7A}.Debug|x64.ActiveCfg = Debug|Any CPU
		{579E41B2-CB25-4395-9BD2-8BB754B82D7A}.Debug|x64.Build.0 = Debug|Any CPU
		{579E41B2-CB25-4395-9BD2-8BB754B82D7A}.dev|Any CPU.ActiveCfg = Debug|Any CPU
		{579E41B2-CB25-4395-9BD2-8BB754B82D7A}.dev|Any CPU.Build.0 = Debug|Any CPU
		{579E41B2-CB25-4395-9BD2-8BB754B82D7A}.dev|x64.ActiveCfg = Debug|Any CPU
		{579E41B2-CB25-4395-9BD2-8BB754B82D7A}.dev|x64.Build.0 = Debug|Any CPU
		{579E41B2-CB25-4395-9BD2-8BB754B82D7A}.prod|Any CPU.ActiveCfg = Release|Any CPU
		{579E41B2-CB25-4395-9BD2-8BB754B82D7A}.prod|Any CPU.Build.0 = Release|Any CPU
		{579E41B2-CB25-4395-9BD2-8BB754B82D7A}.prod|x64.ActiveCfg = Release|Any CPU
		{579E41B2-CB25-4395-9BD2-8BB754B82D7A}.prod|x64.Build.0 = Release|Any CPU
		{579E41B2-CB25-4395-9BD2-8BB754B82D7A}.qa|Any CPU.ActiveCfg = Release|Any CPU
		{579E41B2-CB25-4395-9BD2-8BB754B82D7A}.qa|Any CPU.Build.0 = Release|Any CPU
		{579E41B2-CB25-4395-9BD2-8BB754B82D7A}.qa|x64.ActiveCfg = Release|Any CPU
		{579E41B2-CB25-4395-9BD2-8BB754B82D7A}.qa|x64.Build.0 = Release|Any CPU
		{579E41B2-CB25-4395-9BD2-8BB754B82D7A}.Release|Any CPU.ActiveCfg = Release|Any CPU
		{579E41B2-CB25-4395-9BD2-8BB754B82D7A}.Release|Any CPU.Build.0 = Release|Any CPU
		{579E41B2-CB25-4395-9BD2-8BB754B82D7A}.Release|x64.ActiveCfg = Release|Any CPU
		{579E41B2-CB25-4395-9BD2-8BB754B82D7A}.Release|x64.Build.0 = Release|Any CPU
		{F719F088-6F96-479E-9425-36F14AD9A94E}.Debug|Any CPU.ActiveCfg = Debug|Any CPU
		{F719F088-6F96-479E-9425-36F14AD9A94E}.Debug|Any CPU.Build.0 = Debug|Any CPU
		{F719F088-6F96-479E-9425-36F14AD9A94E}.Debug|x64.ActiveCfg = Debug|Any CPU
		{F719F088-6F96-479E-9425-36F14AD9A94E}.Debug|x64.Build.0 = Debug|Any CPU
		{F719F088-6F96-479E-9425-36F14AD9A94E}.dev|Any CPU.ActiveCfg = Debug|Any CPU
		{F719F088-6F96-479E-9425-36F14AD9A94E}.dev|Any CPU.Build.0 = Debug|Any CPU
		{F719F088-6F96-479E-9425-36F14AD9A94E}.dev|x64.ActiveCfg = Debug|Any CPU
		{F719F088-6F96-479E-9425-36F14AD9A94E}.dev|x64.Build.0 = Debug|Any CPU
		{F719F088-6F96-479E-9425-36F14AD9A94E}.prod|Any CPU.ActiveCfg = Release|Any CPU
		{F719F088-6F96-479E-9425-36F14AD9A94E}.prod|Any CPU.Build.0 = Release|Any CPU
		{F719F088-6F96-479E-9425-36F14AD9A94E}.prod|x64.ActiveCfg = Release|Any CPU
		{F719F088-6F96-479E-9425-36F14AD9A94E}.prod|x64.Build.0 = Release|Any CPU
		{F719F088-6F96-479E-9425-36F14AD9A94E}.qa|Any CPU.ActiveCfg = Release|Any CPU
		{F719F088-6F96-479E-9425-36F14AD9A94E}.qa|Any CPU.Build.0 = Release|Any CPU
		{F719F088-6F96-479E-9425-36F14AD9A94E}.qa|x64.ActiveCfg = Release|Any CPU
		{F719F088-6F96-479E-9425-36F14AD9A94E}.qa|x64.Build.0 = Release|Any CPU
		{F719F088-6F96-479E-9425-36F14AD9A94E}.Release|Any CPU.ActiveCfg = Release|Any CPU
		{F719F088-6F96-479E-9425-36F14AD9A94E}.Release|Any CPU.Build.0 = Release|Any CPU
		{F719F088-6F96-479E-9425-36F14AD9A94E}.Release|x64.ActiveCfg = Release|Any CPU
		{F719F088-6F96-479E-9425-36F14AD9A94E}.Release|x64.Build.0 = Release|Any CPU
	EndGlobalSection
	GlobalSection(SolutionProperties) = preSolution
		HideSolutionNode = FALSE
	EndGlobalSection
	GlobalSection(NestedProjects) = preSolution
		{6553FD63-346D-4D03-8643-F3AD04C4EB8A} = {DCD64413-B40D-498C-A078-DFD56F486123}
		{68CF5E92-3979-4604-8848-623AD9DE4733} = {DCD64413-B40D-498C-A078-DFD56F486123}
		{06B29670-2566-4B5A-9081-D44D0515348D} = {DCD64413-B40D-498C-A078-DFD56F486123}
		{D08573A7-FB3D-4F8D-9161-92996F8F9296} = {4FC6491C-B2FB-46B8-9B1D-6BC01D97CA24}
		{0AD017C8-8FF1-475E-86EC-0580628F0411} = {4FC6491C-B2FB-46B8-9B1D-6BC01D97CA24}
		{3AEDABF6-67D7-491F-8ABC-7D536C19A17B} = {4FC6491C-B2FB-46B8-9B1D-6BC01D97CA24}
		{E55FF3BC-F1BF-4DE7-BE51-F1DAB4667ABF} = {425D9D16-A448-475F-B79D-F795DBDD7EE3}
		{EF868DAF-894D-42D6-BF04-D520D08807D6} = {425D9D16-A448-475F-B79D-F795DBDD7EE3}
		{E5FF4E3F-6208-4B99-BBD9-8025F883B306} = {425D9D16-A448-475F-B79D-F795DBDD7EE3}
		{1336ACC8-ED21-48F6-838E-D1DBBADE99D0} = {33C82F06-0F94-417D-AC43-52B224013501}
		{0E4B13D4-A20C-40E1-991A-38351B765892} = {6D9C8563-D5A5-4A8C-8A34-0424D931D605}
		{F7334C26-8690-4B8D-8FCA-DB9D581D6FEB} = {DCD64413-B40D-498C-A078-DFD56F486123}
		{DD206DEC-D5DF-4D6F-AA0E-49F2BF455FAE} = {95EBF174-7742-444B-BBDA-EE963A4016A5}
	EndGlobalSection
	GlobalSection(ExtensibilityGlobals) = postSolution
		SolutionGuid = {7D8C69A5-6A58-4A51-ABE1-1B0D140F48DA}
		EnterpriseLibraryConfigurationToolBinariesPathV6 = packages\EnterpriseLibrary.Common.6.0.1304.0\lib\NET45;packages\EnterpriseLibrary.ExceptionHandling.6.0.1304.0\lib\NET45
	EndGlobalSection
	GlobalSection(TeamFoundationVersionControl) = preSolution
		SccNumberOfProjects = 17
		SccEnterpriseProvider = {4CA58AB2-18FA-4F8D-95D4-32DDF27D184C}
		SccTeamFoundationServer = http://tfs2018-farm1.ad.infosys.com:8080/tfs/farm01-tpc202
		SccLocalPath0 = .
		SccProjectUniqueName1 = BusinessComponent\\BusinessComponent.csproj
		SccProjectTopLevelParentUniqueName1 = SuperBot.sln
		SccProjectName1 = BusinessComponent
		SccLocalPath1 = BusinessComponent
		SccProjectUniqueName2 = BusinessEntity\\BusinessEntity.csproj
		SccProjectTopLevelParentUniqueName2 = SuperBot.sln
		SccProjectName2 = BusinessEntity
		SccLocalPath2 = BusinessEntity
		SccProjectUniqueName3 = Common\\Common.csproj
		SccProjectTopLevelParentUniqueName3 = SuperBot.sln
		SccProjectName3 = Common
		SccLocalPath3 = Common
		SccProjectUniqueName4 = DataAccess\\DataAccess.csproj
		SccProjectTopLevelParentUniqueName4 = SuperBot.sln
		SccProjectName4 = DataAccess
		SccLocalPath4 = DataAccess
		SccProjectUniqueName5 = DataEntity\\DataEntity.csproj
		SccProjectTopLevelParentUniqueName5 = SuperBot.sln
		SccProjectName5 = DataEntity
		SccLocalPath5 = DataEntity
		SccProjectUniqueName6 = IDataAccess\\IDataAccess.csproj
		SccProjectTopLevelParentUniqueName6 = SuperBot.sln
		SccProjectName6 = IDataAccess
		SccLocalPath6 = IDataAccess
		SccProjectUniqueName7 = Processes\\Processes.csproj
		SccProjectTopLevelParentUniqueName7 = SuperBot.sln
		SccProjectName7 = Processes
		SccLocalPath7 = Processes
		SccProjectUniqueName8 = ProcessLoader\\Host.ProcessLoader.csproj
		SccProjectName8 = ProcessLoader
		SccLocalPath8 = ProcessLoader
		SccProjectUniqueName9 = ProcessScheduler.Framework\\ProcessScheduler.Framework.csproj
		SccProjectTopLevelParentUniqueName9 = SuperBot.sln
		SccProjectName9 = ProcessScheduler.Framework
		SccLocalPath9 = ProcessScheduler.Framework
		SccProjectUniqueName10 = ProcessScheduler\\ProcessScheduler.csproj
		SccProjectTopLevelParentUniqueName10 = SuperBot.sln
		SccProjectName10 = ProcessScheduler
		SccLocalPath10 = ProcessScheduler
		SccProjectUniqueName11 = SuperBot\\SuperBot.csproj
		SccProjectName11 = SuperBot
		SccLocalPath11 = SuperBot
		SccProjectUniqueName12 = GenericTester\\GenericTester.csproj
		SccProjectTopLevelParentUniqueName12 = SuperBot.sln
		SccProjectName12 = GenericTester
		SccLocalPath12 = GenericTester
		SccProjectUniqueName13 = ResourceHandler.Contracts\\SuperBot.Contracts.csproj
		SccProjectTopLevelParentUniqueName13 = SuperBot.sln
		SccProjectName13 = ResourceHandler.Contracts
		SccLocalPath13 = ResourceHandler.Contracts
		SccProjectUniqueName14 = ServiceClientLibrary\\ServiceClientLibrary.csproj
		SccProjectTopLevelParentUniqueName14 = SuperBot.sln
		SccProjectName14 = ServiceClientLibrary
		SccLocalPath14 = ServiceClientLibrary
		SccProjectUniqueName15 = SuperBot.ConsoleApp\\SuperBot.ConsoleApp.csproj
		SccProjectName15 = SuperBot.ConsoleApp
		SccLocalPath15 = SuperBot.ConsoleApp
		SccProjectUniqueName16 = EnvironmentScan.ConsoleApp\\EnvironmentScan.ConsoleApp.csproj
		SccProjectName16 = EnvironmentScan.ConsoleApp
		SccLocalPath16 = EnvironmentScan.ConsoleApp
	EndGlobalSection
EndGlobal
